
Microsoft Visual Studio Solution File, Format Version 12.00
# Visual Studio Version 17
VisualStudioVersion = 17.7.33808.371
MinimumVisualStudioVersion = 10.0.40219.1
Project("{FAE04EC0-301F-11D3-BF4B-00C04F79EFBC}") = "NetWorthCalculator", "NetWorthCalculator\NetWorthCalculator.csproj", "{52BAE414-8945-462B-8AF9-73FEE0AD9E56}"
EndProject
Global
	GlobalSection(SolutionConfigurationPlatforms) = preSolution
		Debug|Any CPU = Debug|Any CPU
		Release|Any CPU = Release|Any CPU
	EndGlobalSection
	GlobalSection(ProjectConfigurationPlatforms) = postSolution
		{52BAE414-8945-462B-8AF9-73FEE0AD9E56}.Debug|Any CPU.ActiveCfg = Debug|Any CPU
		{52BAE414-8945-462B-8AF9-73FEE0AD9E56}.Debug|Any CPU.Build.0 = Debug|Any CPU
		{52BAE414-8945-462B-8AF9-73FEE0AD9E56}.Release|Any CPU.ActiveCfg = Release|Any CPU
		{52BAE414-8945-462B-8AF9-73FEE0AD9E56}.Release|Any CPU.Build.0 = Release|Any CPU
	EndGlobalSection
	GlobalSection(SolutionProperties) = preSolution
		HideSolutionNode = FALSE
	EndGlobalSection
	GlobalSection(ExtensibilityGlobals) = postSolution
		SolutionGuid = {EA398345-4F35-4669-8054-680F556F44D5}
	EndGlobalSection
EndGlobal
